
Microsoft Visual Studio Solution File, Format Version 12.00
# Visual Studio 15
VisualStudioVersion = 15.0.27428.2015
MinimumVisualStudioVersion = 10.0.40219.1
Project("{FAE04EC0-301F-11D3-BF4B-00C04F79EFBC}") = "APD Bot", "APD Bot\APD Bot.csproj", "{633BB544-9BC7-4005-94C2-0DA0D237452A}"
EndProject
Global
	GlobalSection(SolutionConfigurationPlatforms) = preSolution
		Debug|Any CPU = Debug|Any CPU
		Release|Any CPU = Release|Any CPU
	EndGlobalSection
	GlobalSection(ProjectConfigurationPlatforms) = postSolution
		{633BB544-9BC7-4005-94C2-0DA0D237452A}.Debug|Any CPU.ActiveCfg = Debug|Any CPU
		{633BB544-9BC7-4005-94C2-0DA0D237452A}.Debug|Any CPU.Build.0 = Debug|Any CPU
		{633BB544-9BC7-4005-94C2-0DA0D237452A}.Release|Any CPU.ActiveCfg = Release|Any CPU
		{633BB544-9BC7-4005-94C2-0DA0D237452A}.Release|Any CPU.Build.0 = Release|Any CPU
	EndGlobalSection
	GlobalSection(SolutionProperties) = preSolution
		HideSolutionNode = FALSE
	EndGlobalSection
	GlobalSection(ExtensibilityGlobals) = postSolution
		SolutionGuid = {1344C4FC-5256-4B24-B96B-82B1CD1605AF}
	EndGlobalSection
EndGlobal
